
Microsoft Visual Studio Solution File, Format Version 12.00
# Visual Studio Version 17
VisualStudioVersion = 17.5.002.0
MinimumVisualStudioVersion = 10.0.40219.1
Project("{9A19103F-16F7-4668-BE54-9A1E7A4F7556}") = "Simulacro2", "Simulacro2.csproj", "{72E89769-C318-4CCC-811F-E2B9C639C17A}"
EndProject
Global
	GlobalSection(SolutionConfigurationPlatforms) = preSolution
		Debug|Any CPU = Debug|Any CPU
		Release|Any CPU = Release|Any CPU
	EndGlobalSection
	GlobalSection(ProjectConfigurationPlatforms) = postSolution
		{72E89769-C318-4CCC-811F-E2B9C639C17A}.Debug|Any CPU.ActiveCfg = Debug|Any CPU
		{72E89769-C318-4CCC-811F-E2B9C639C17A}.Debug|Any CPU.Build.0 = Debug|Any CPU
		{72E89769-C318-4CCC-811F-E2B9C639C17A}.Release|Any CPU.ActiveCfg = Release|Any CPU
		{72E89769-C318-4CCC-811F-E2B9C639C17A}.Release|Any CPU.Build.0 = Release|Any CPU
	EndGlobalSection
	GlobalSection(SolutionProperties) = preSolution
		HideSolutionNode = FALSE
	EndGlobalSection
	GlobalSection(ExtensibilityGlobals) = postSolution
		SolutionGuid = {0B98A472-35F4-443E-B9AB-1512346F9871}
	EndGlobalSection
EndGlobal
